{
  "name": "antigravity-super-ssuk",
  "version": "0.2.3",
  "lockfileVersion": 3,
  "requires": true,
  "packages": {
    "": {
      "name": "antigravity-super-ssuk",
      "version": "0.2.3",
      "license": "MIT",
      "bin": {
        "antigravity-super-ssuk": "bin/antigravity-super-ssuk.js"
      },
      "engines": {
        "node": ">=20.0.0"
      }
    }
  }
}
